// !$*UTF8*$!
{
	archiveVersion = 1;
	classes = {
	};
	objectVersion = 52;
	objects = {

/* Begin PBXBuildFile section */
		BB17E403240666640071B620 /* MapKit.framework in Frameworks */ = {isa = PBXBuildFile; fileRef = BB17E402240666640071B620 /* MapKit.framework */; };
		BBB3E70224052A5E0096C9F5 /* exampleOrders.json in Resources */ = {isa = PBXBuildFile; fileRef = BBB3E70124052A5E0096C9F5 /* exampleOrders.json */; };
		BBDC4541241615AE00C81B89 /* DeliveringOrderShopView.swift in Sources */ = {isa = PBXBuildFile; fileRef = BBDC4540241615AE00C81B89 /* DeliveringOrderShopView.swift */; };
		BBDC4543241615E000C81B89 /* DeliveringOrderMemberView.swift in Sources */ = {isa = PBXBuildFile; fileRef = BBDC4542241615E000C81B89 /* DeliveringOrderMemberView.swift */; };
		BBDC454A24161C8900C81B89 /* CodeScanner in Frameworks */ = {isa = PBXBuildFile; productRef = BBDC454924161C8900C81B89 /* CodeScanner */; };
		CD5548F723FE834100B902E9 /* Assets.xcassets in Resources */ = {isa = PBXBuildFile; fileRef = CD5548F623FE834100B902E9 /* Assets.xcassets */; };
		CD5548FA23FE834100B902E9 /* Preview Assets.xcassets in Resources */ = {isa = PBXBuildFile; fileRef = CD5548F923FE834100B902E9 /* Preview Assets.xcassets */; };
		CD5548FD23FE834100B902E9 /* LaunchScreen.storyboard in Resources */ = {isa = PBXBuildFile; fileRef = CD5548FB23FE834100B902E9 /* LaunchScreen.storyboard */; };
		CD555E6D240D22AA00EE4155 /* Charts in Frameworks */ = {isa = PBXBuildFile; productRef = CD555E6C240D22AA00EE4155 /* Charts */; };
		CD65E62424115C1700AE8AD5 /* Url.swift in Sources */ = {isa = PBXBuildFile; fileRef = CD555E6E240DF92F00EE4155 /* Url.swift */; };
		CD65E62624115C2500AE8AD5 /* ViewService.swift in Sources */ = {isa = PBXBuildFile; fileRef = BB451CF1240E3E82002525B9 /* ViewService.swift */; };
		CD65E62924115C4000AE8AD5 /* itfood_del.xcdatamodeld in Sources */ = {isa = PBXBuildFile; fileRef = BB17E42A24066BB30071B620 /* itfood_del.xcdatamodeld */; };
		CD65E62A24115C4600AE8AD5 /* AreaOrders.swift in Sources */ = {isa = PBXBuildFile; fileRef = BB742A7E240DF6410089D068 /* AreaOrders.swift */; };
		CD65E62F24115C6C00AE8AD5 /* StatsView.swift in Sources */ = {isa = PBXBuildFile; fileRef = CD555E69240D0D4300EE4155 /* StatsView.swift */; };
		CD65E63024115C7400AE8AD5 /* Common.swift in Sources */ = {isa = PBXBuildFile; fileRef = CD555E70240E095D00EE4155 /* Common.swift */; };
		CD65E63224115C8100AE8AD5 /* DeliveryMessage.swift in Sources */ = {isa = PBXBuildFile; fileRef = BB742A80240DF6A20089D068 /* DeliveryMessage.swift */; };
		CD65E63324115C8700AE8AD5 /* SceneDelegate.swift in Sources */ = {isa = PBXBuildFile; fileRef = CD5548F223FE833F00B902E9 /* SceneDelegate.swift */; };
		CD65E63424115C8D00AE8AD5 /* OrderItemViewModel.swift in Sources */ = {isa = PBXBuildFile; fileRef = BB451CF7240F56B1002525B9 /* OrderItemViewModel.swift */; };
		CD65E63524115C9300AE8AD5 /* UserData.swift in Sources */ = {isa = PBXBuildFile; fileRef = BBA00631240D003F0067F6B9 /* UserData.swift */; };
		CD65E63724115C9F00AE8AD5 /* AppDelegate.swift in Sources */ = {isa = PBXBuildFile; fileRef = CD5548F023FE833F00B902E9 /* AppDelegate.swift */; };
		CD65E63824115CA600AE8AD5 /* SocketService.swift in Sources */ = {isa = PBXBuildFile; fileRef = BB742A86240DFF9C0089D068 /* SocketService.swift */; };
		CD65E64024115FD100AE8AD5 /* Shop.swift in Sources */ = {isa = PBXBuildFile; fileRef = CD65E63F24115FD100AE8AD5 /* Shop.swift */; };
		CD65E64224115FEF00AE8AD5 /* Color.swift in Sources */ = {isa = PBXBuildFile; fileRef = CD65E64124115FEF00AE8AD5 /* Color.swift */; };
		CD65E6442411601400AE8AD5 /* Data.swift in Sources */ = {isa = PBXBuildFile; fileRef = CD65E6432411601400AE8AD5 /* Data.swift */; };
		CD65E6462411604300AE8AD5 /* ContentView.swift in Sources */ = {isa = PBXBuildFile; fileRef = CD65E6452411604300AE8AD5 /* ContentView.swift */; };
		CD65E64D241160B500AE8AD5 /* DeliveryView.swift in Sources */ = {isa = PBXBuildFile; fileRef = CD65E647241160B500AE8AD5 /* DeliveryView.swift */; };
		CD65E64E241160B500AE8AD5 /* LoginView.swift in Sources */ = {isa = PBXBuildFile; fileRef = CD65E648241160B500AE8AD5 /* LoginView.swift */; };
		CD65E650241160B500AE8AD5 /* OrderItemView.swift in Sources */ = {isa = PBXBuildFile; fileRef = CD65E64A241160B500AE8AD5 /* OrderItemView.swift */; };
		CD65E651241160B500AE8AD5 /* PastOrdersView.swift in Sources */ = {isa = PBXBuildFile; fileRef = CD65E64B241160B500AE8AD5 /* PastOrdersView.swift */; };
		CD65E652241160B500AE8AD5 /* MapView.swift in Sources */ = {isa = PBXBuildFile; fileRef = CD65E64C241160B500AE8AD5 /* MapView.swift */; };
		CD65E6542411613600AE8AD5 /* LocationManager.swift in Sources */ = {isa = PBXBuildFile; fileRef = CD65E6532411613600AE8AD5 /* LocationManager.swift */; };
		CD65E6562411614500AE8AD5 /* Order.swift in Sources */ = {isa = PBXBuildFile; fileRef = CD65E6552411614500AE8AD5 /* Order.swift */; };
/* End PBXBuildFile section */

/* Begin PBXFileReference section */
		BB17E402240666640071B620 /* MapKit.framework */ = {isa = PBXFileReference; lastKnownFileType = wrapper.framework; name = MapKit.framework; path = System/Library/Frameworks/MapKit.framework; sourceTree = SDKROOT; };
		BB17E42B24066BB30071B620 /* itfood_del.xcdatamodel */ = {isa = PBXFileReference; lastKnownFileType = wrapper.xcdatamodel; path = itfood_del.xcdatamodel; sourceTree = "<group>"; };
		BB451CF1240E3E82002525B9 /* ViewService.swift */ = {isa = PBXFileReference; lastKnownFileType = sourcecode.swift; path = ViewService.swift; sourceTree = "<group>"; };
		BB451CF7240F56B1002525B9 /* OrderItemViewModel.swift */ = {isa = PBXFileReference; lastKnownFileType = sourcecode.swift; path = OrderItemViewModel.swift; sourceTree = "<group>"; };
		BB742A7E240DF6410089D068 /* AreaOrders.swift */ = {isa = PBXFileReference; lastKnownFileType = sourcecode.swift; path = AreaOrders.swift; sourceTree = "<group>"; };
		BB742A80240DF6A20089D068 /* DeliveryMessage.swift */ = {isa = PBXFileReference; lastKnownFileType = sourcecode.swift; path = DeliveryMessage.swift; sourceTree = "<group>"; };
		BB742A86240DFF9C0089D068 /* SocketService.swift */ = {isa = PBXFileReference; lastKnownFileType = sourcecode.swift; path = SocketService.swift; sourceTree = "<group>"; };
		BBA00631240D003F0067F6B9 /* UserData.swift */ = {isa = PBXFileReference; lastKnownFileType = sourcecode.swift; path = UserData.swift; sourceTree = "<group>"; };
		BBB3E70124052A5E0096C9F5 /* exampleOrders.json */ = {isa = PBXFileReference; fileEncoding = 4; lastKnownFileType = text.json; path = exampleOrders.json; sourceTree = "<group>"; };
		BBDC4540241615AE00C81B89 /* DeliveringOrderShopView.swift */ = {isa = PBXFileReference; lastKnownFileType = sourcecode.swift; path = DeliveringOrderShopView.swift; sourceTree = "<group>"; };
		BBDC4542241615E000C81B89 /* DeliveringOrderMemberView.swift */ = {isa = PBXFileReference; lastKnownFileType = sourcecode.swift; path = DeliveringOrderMemberView.swift; sourceTree = "<group>"; };
		CD5548ED23FE833F00B902E9 /* itfood_del.app */ = {isa = PBXFileReference; explicitFileType = wrapper.application; includeInIndex = 0; path = itfood_del.app; sourceTree = BUILT_PRODUCTS_DIR; };
		CD5548F023FE833F00B902E9 /* AppDelegate.swift */ = {isa = PBXFileReference; lastKnownFileType = sourcecode.swift; path = AppDelegate.swift; sourceTree = "<group>"; };
		CD5548F223FE833F00B902E9 /* SceneDelegate.swift */ = {isa = PBXFileReference; lastKnownFileType = sourcecode.swift; path = SceneDelegate.swift; sourceTree = "<group>"; };
		CD5548F623FE834100B902E9 /* Assets.xcassets */ = {isa = PBXFileReference; lastKnownFileType = folder.assetcatalog; path = Assets.xcassets; sourceTree = "<group>"; };
		CD5548F923FE834100B902E9 /* Preview Assets.xcassets */ = {isa = PBXFileReference; lastKnownFileType = folder.assetcatalog; path = "Preview Assets.xcassets"; sourceTree = "<group>"; };
		CD5548FC23FE834100B902E9 /* Base */ = {isa = PBXFileReference; lastKnownFileType = file.storyboard; name = Base; path = Base.lproj/LaunchScreen.storyboard; sourceTree = "<group>"; };
		CD5548FE23FE834100B902E9 /* Info.plist */ = {isa = PBXFileReference; lastKnownFileType = text.plist.xml; path = Info.plist; sourceTree = "<group>"; };
		CD555E69240D0D4300EE4155 /* StatsView.swift */ = {isa = PBXFileReference; lastKnownFileType = sourcecode.swift; path = StatsView.swift; sourceTree = "<group>"; };
		CD555E6E240DF92F00EE4155 /* Url.swift */ = {isa = PBXFileReference; lastKnownFileType = sourcecode.swift; path = Url.swift; sourceTree = "<group>"; };
		CD555E70240E095D00EE4155 /* Common.swift */ = {isa = PBXFileReference; lastKnownFileType = sourcecode.swift; path = Common.swift; sourceTree = "<group>"; };
		CD65E63F24115FD100AE8AD5 /* Shop.swift */ = {isa = PBXFileReference; lastKnownFileType = sourcecode.swift; path = Shop.swift; sourceTree = "<group>"; };
		CD65E64124115FEF00AE8AD5 /* Color.swift */ = {isa = PBXFileReference; lastKnownFileType = sourcecode.swift; path = Color.swift; sourceTree = "<group>"; };
		CD65E6432411601400AE8AD5 /* Data.swift */ = {isa = PBXFileReference; lastKnownFileType = sourcecode.swift; path = Data.swift; sourceTree = "<group>"; };
		CD65E6452411604300AE8AD5 /* ContentView.swift */ = {isa = PBXFileReference; lastKnownFileType = sourcecode.swift; path = ContentView.swift; sourceTree = "<group>"; };
		CD65E647241160B500AE8AD5 /* DeliveryView.swift */ = {isa = PBXFileReference; fileEncoding = 4; lastKnownFileType = sourcecode.swift; path = DeliveryView.swift; sourceTree = "<group>"; };
		CD65E648241160B500AE8AD5 /* LoginView.swift */ = {isa = PBXFileReference; fileEncoding = 4; lastKnownFileType = sourcecode.swift; path = LoginView.swift; sourceTree = "<group>"; };
		CD65E64A241160B500AE8AD5 /* OrderItemView.swift */ = {isa = PBXFileReference; fileEncoding = 4; lastKnownFileType = sourcecode.swift; path = OrderItemView.swift; sourceTree = "<group>"; };
		CD65E64B241160B500AE8AD5 /* PastOrdersView.swift */ = {isa = PBXFileReference; fileEncoding = 4; lastKnownFileType = sourcecode.swift; path = PastOrdersView.swift; sourceTree = "<group>"; };
		CD65E64C241160B500AE8AD5 /* MapView.swift */ = {isa = PBXFileReference; fileEncoding = 4; lastKnownFileType = sourcecode.swift; path = MapView.swift; sourceTree = "<group>"; };
		CD65E6532411613600AE8AD5 /* LocationManager.swift */ = {isa = PBXFileReference; fileEncoding = 4; lastKnownFileType = sourcecode.swift; path = LocationManager.swift; sourceTree = "<group>"; };
		CD65E6552411614500AE8AD5 /* Order.swift */ = {isa = PBXFileReference; fileEncoding = 4; lastKnownFileType = sourcecode.swift; path = Order.swift; sourceTree = "<group>"; };
/* End PBXFileReference section */

/* Begin PBXFrameworksBuildPhase section */
		CD5548EA23FE833F00B902E9 /* Frameworks */ = {
			isa = PBXFrameworksBuildPhase;
			buildActionMask = 2147483647;
			files = (
				BB17E403240666640071B620 /* MapKit.framework in Frameworks */,
				CD555E6D240D22AA00EE4155 /* Charts in Frameworks */,
				BBDC454A24161C8900C81B89 /* CodeScanner in Frameworks */,
			);
			runOnlyForDeploymentPostprocessing = 0;
		};
/* End PBXFrameworksBuildPhase section */

/* Begin PBXGroup section */
		BB17E401240666640071B620 /* Frameworks */ = {
			isa = PBXGroup;
			children = (
				BB17E402240666640071B620 /* MapKit.framework */,
			);
			name = Frameworks;
			sourceTree = "<group>";
		};
		BBA00633240D10000067F6B9 /* Models */ = {
			isa = PBXGroup;
			children = (
				BBA00631240D003F0067F6B9 /* UserData.swift */,
				CD65E6432411601400AE8AD5 /* Data.swift */,
				CD65E6532411613600AE8AD5 /* LocationManager.swift */,
				CD65E64124115FEF00AE8AD5 /* Color.swift */,
				CD65E63F24115FD100AE8AD5 /* Shop.swift */,
				CD65E6552411614500AE8AD5 /* Order.swift */,
				BB742A7E240DF6410089D068 /* AreaOrders.swift */,
				BB742A80240DF6A20089D068 /* DeliveryMessage.swift */,
				BB742A86240DFF9C0089D068 /* SocketService.swift */,
				BB451CF1240E3E82002525B9 /* ViewService.swift */,
			);
			path = Models;
			sourceTree = "<group>";
		};
		BBA00634240D10390067F6B9 /* Views */ = {
			isa = PBXGroup;
			children = (
				CD65E647241160B500AE8AD5 /* DeliveryView.swift */,
				CD65E648241160B500AE8AD5 /* LoginView.swift */,
				CD65E64C241160B500AE8AD5 /* MapView.swift */,
				CD65E64A241160B500AE8AD5 /* OrderItemView.swift */,
				CD65E64B241160B500AE8AD5 /* PastOrdersView.swift */,
				CD65E6452411604300AE8AD5 /* ContentView.swift */,
				BB451CF7240F56B1002525B9 /* OrderItemViewModel.swift */,
				BBDC4540241615AE00C81B89 /* DeliveringOrderShopView.swift */,
				BBDC4542241615E000C81B89 /* DeliveringOrderMemberView.swift */,
			);
			path = Views;
			sourceTree = "<group>";
		};
		BBB3E70024052A150096C9F5 /* Resources */ = {
			isa = PBXGroup;
			children = (
				BBB3E70124052A5E0096C9F5 /* exampleOrders.json */,
			);
			path = Resources;
			sourceTree = "<group>";
		};
		CD5548E423FE833F00B902E9 = {
			isa = PBXGroup;
			children = (
				CD5548EF23FE833F00B902E9 /* itfood_del */,
				CD5548EE23FE833F00B902E9 /* Products */,
				BB17E401240666640071B620 /* Frameworks */,
			);
			sourceTree = "<group>";
		};
		CD5548EE23FE833F00B902E9 /* Products */ = {
			isa = PBXGroup;
			children = (
				CD5548ED23FE833F00B902E9 /* itfood_del.app */,
			);
			name = Products;
			sourceTree = "<group>";
		};
		CD5548EF23FE833F00B902E9 /* itfood_del */ = {
			isa = PBXGroup;
			children = (
				CD5548F023FE833F00B902E9 /* AppDelegate.swift */,
				CD5548F223FE833F00B902E9 /* SceneDelegate.swift */,
				BBA00634240D10390067F6B9 /* Views */,
				BBA00633240D10000067F6B9 /* Models */,
				CD555E69240D0D4300EE4155 /* StatsView.swift */,
				CD555E6E240DF92F00EE4155 /* Url.swift */,
				CD555E70240E095D00EE4155 /* Common.swift */,
				CD5548F623FE834100B902E9 /* Assets.xcassets */,
				BB17E42A24066BB30071B620 /* itfood_del.xcdatamodeld */,
				CD5548FB23FE834100B902E9 /* LaunchScreen.storyboard */,
				CD5548FE23FE834100B902E9 /* Info.plist */,
				BBB3E70024052A150096C9F5 /* Resources */,
				CD5548F823FE834100B902E9 /* Preview Content */,
			);
			path = itfood_del;
			sourceTree = "<group>";
		};
		CD5548F823FE834100B902E9 /* Preview Content */ = {
			isa = PBXGroup;
			children = (
				CD5548F923FE834100B902E9 /* Preview Assets.xcassets */,
			);
			path = "Preview Content";
			sourceTree = "<group>";
		};
/* End PBXGroup section */

/* Begin PBXNativeTarget section */
		CD5548EC23FE833F00B902E9 /* itfood_del */ = {
			isa = PBXNativeTarget;
			buildConfigurationList = CD55491723FE834200B902E9 /* Build configuration list for PBXNativeTarget "itfood_del" */;
			buildPhases = (
				CD5548E923FE833F00B902E9 /* Sources */,
				CD5548EA23FE833F00B902E9 /* Frameworks */,
				CD5548EB23FE833F00B902E9 /* Resources */,
			);
			buildRules = (
			);
			dependencies = (
			);
			name = itfood_del;
			packageProductDependencies = (
				CD555E6C240D22AA00EE4155 /* Charts */,
				BBDC454924161C8900C81B89 /* CodeScanner */,
			);
			productName = itfood_del;
			productReference = CD5548ED23FE833F00B902E9 /* itfood_del.app */;
			productType = "com.apple.product-type.application";
		};
/* End PBXNativeTarget section */

/* Begin PBXProject section */
		CD5548E523FE833F00B902E9 /* Project object */ = {
			isa = PBXProject;
			attributes = {
				LastSwiftUpdateCheck = 1130;
				LastUpgradeCheck = 1130;
				ORGANIZATIONNAME = dp103g3;
				TargetAttributes = {
					CD5548EC23FE833F00B902E9 = {
						CreatedOnToolsVersion = 11.3.1;
					};
				};
			};
			buildConfigurationList = CD5548E823FE833F00B902E9 /* Build configuration list for PBXProject "itfood_del" */;
			compatibilityVersion = "Xcode 9.3";
			developmentRegion = en;
			hasScannedForEncodings = 0;
			knownRegions = (
				en,
				Base,
			);
			mainGroup = CD5548E423FE833F00B902E9;
			packageReferences = (
				CD555E6B240D22AA00EE4155 /* XCRemoteSwiftPackageReference "Charts" */,
				BBDC454824161C8900C81B89 /* XCRemoteSwiftPackageReference "CodeScanner" */,
			);
			productRefGroup = CD5548EE23FE833F00B902E9 /* Products */;
			projectDirPath = "";
			projectRoot = "";
			targets = (
				CD5548EC23FE833F00B902E9 /* itfood_del */,
			);
		};
/* End PBXProject section */

/* Begin PBXResourcesBuildPhase section */
		CD5548EB23FE833F00B902E9 /* Resources */ = {
			isa = PBXResourcesBuildPhase;
			buildActionMask = 2147483647;
			files = (
				CD5548FD23FE834100B902E9 /* LaunchScreen.storyboard in Resources */,
				BBB3E70224052A5E0096C9F5 /* exampleOrders.json in Resources */,
				CD5548FA23FE834100B902E9 /* Preview Assets.xcassets in Resources */,
				CD5548F723FE834100B902E9 /* Assets.xcassets in Resources */,
			);
			runOnlyForDeploymentPostprocessing = 0;
		};
/* End PBXResourcesBuildPhase section */

/* Begin PBXSourcesBuildPhase section */
		CD5548E923FE833F00B902E9 /* Sources */ = {
			isa = PBXSourcesBuildPhase;
			buildActionMask = 2147483647;
			files = (
				CD65E6462411604300AE8AD5 /* ContentView.swift in Sources */,
				CD65E6442411601400AE8AD5 /* Data.swift in Sources */,
				CD65E651241160B500AE8AD5 /* PastOrdersView.swift in Sources */,
				CD65E652241160B500AE8AD5 /* MapView.swift in Sources */,
				CD65E64224115FEF00AE8AD5 /* Color.swift in Sources */,
				CD65E64D241160B500AE8AD5 /* DeliveryView.swift in Sources */,
				CD65E64024115FD100AE8AD5 /* Shop.swift in Sources */,
				CD65E6542411613600AE8AD5 /* LocationManager.swift in Sources */,
				BBDC4541241615AE00C81B89 /* DeliveringOrderShopView.swift in Sources */,
				CD65E63824115CA600AE8AD5 /* SocketService.swift in Sources */,
				CD65E63724115C9F00AE8AD5 /* AppDelegate.swift in Sources */,
				CD65E63524115C9300AE8AD5 /* UserData.swift in Sources */,
				CD65E63424115C8D00AE8AD5 /* OrderItemViewModel.swift in Sources */,
				CD65E63324115C8700AE8AD5 /* SceneDelegate.swift in Sources */,
				CD65E63224115C8100AE8AD5 /* DeliveryMessage.swift in Sources */,
				CD65E650241160B500AE8AD5 /* OrderItemView.swift in Sources */,
				CD65E63024115C7400AE8AD5 /* Common.swift in Sources */,
				CD65E64E241160B500AE8AD5 /* LoginView.swift in Sources */,
				CD65E6562411614500AE8AD5 /* Order.swift in Sources */,
				CD65E62F24115C6C00AE8AD5 /* StatsView.swift in Sources */,
				CD65E62A24115C4600AE8AD5 /* AreaOrders.swift in Sources */,
				CD65E62924115C4000AE8AD5 /* itfood_del.xcdatamodeld in Sources */,
				CD65E62624115C2500AE8AD5 /* ViewService.swift in Sources */,
				BBDC4543241615E000C81B89 /* DeliveringOrderMemberView.swift in Sources */,
				CD65E62424115C1700AE8AD5 /* Url.swift in Sources */,
			);
			runOnlyForDeploymentPostprocessing = 0;
		};
/* End PBXSourcesBuildPhase section */

/* Begin PBXVariantGroup section */
		CD5548FB23FE834100B902E9 /* LaunchScreen.storyboard */ = {
			isa = PBXVariantGroup;
			children = (
				CD5548FC23FE834100B902E9 /* Base */,
			);
			name = LaunchScreen.storyboard;
			sourceTree = "<group>";
		};
/* End PBXVariantGroup section */

/* Begin XCBuildConfiguration section */
		CD55491623FE834200B902E9 /* Release */ = {
			isa = XCBuildConfiguration;
			buildSettings = {
				ALWAYS_SEARCH_USER_PATHS = NO;
				CLANG_ANALYZER_NONNULL = YES;
				CLANG_ANALYZER_NUMBER_OBJECT_CONVERSION = YES_AGGRESSIVE;
				CLANG_CXX_LANGUAGE_STANDARD = "gnu++14";
				CLANG_CXX_LIBRARY = "libc++";
				CLANG_ENABLE_MODULES = YES;
				CLANG_ENABLE_OBJC_ARC = YES;
				CLANG_ENABLE_OBJC_WEAK = YES;
				CLANG_WARN_BLOCK_CAPTURE_AUTORELEASING = YES;
				CLANG_WARN_BOOL_CONVERSION = YES;
				CLANG_WARN_COMMA = YES;
				CLANG_WARN_CONSTANT_CONVERSION = YES;
				CLANG_WARN_DEPRECATED_OBJC_IMPLEMENTATIONS = YES;
				CLANG_WARN_DIRECT_OBJC_ISA_USAGE = YES_ERROR;
				CLANG_WARN_DOCUMENTATION_COMMENTS = YES;
				CLANG_WARN_EMPTY_BODY = YES;
				CLANG_WARN_ENUM_CONVERSION = YES;
				CLANG_WARN_INFINITE_RECURSION = YES;
				CLANG_WARN_INT_CONVERSION = YES;
				CLANG_WARN_NON_LITERAL_NULL_CONVERSION = YES;
				CLANG_WARN_OBJC_IMPLICIT_RETAIN_SELF = YES;
				CLANG_WARN_OBJC_LITERAL_CONVERSION = YES;
				CLANG_WARN_OBJC_ROOT_CLASS = YES_ERROR;
				CLANG_WARN_RANGE_LOOP_ANALYSIS = YES;
				CLANG_WARN_STRICT_PROTOTYPES = YES;
				CLANG_WARN_SUSPICIOUS_MOVE = YES;
				CLANG_WARN_UNGUARDED_AVAILABILITY = YES_AGGRESSIVE;
				CLANG_WARN_UNREACHABLE_CODE = YES;
				CLANG_WARN__DUPLICATE_METHOD_MATCH = YES;
				COPY_PHASE_STRIP = NO;
				DEBUG_INFORMATION_FORMAT = "dwarf-with-dsym";
				ENABLE_NS_ASSERTIONS = NO;
				ENABLE_STRICT_OBJC_MSGSEND = YES;
				GCC_C_LANGUAGE_STANDARD = gnu11;
				GCC_NO_COMMON_BLOCKS = YES;
				GCC_WARN_64_TO_32_BIT_CONVERSION = YES;
				GCC_WARN_ABOUT_RETURN_TYPE = YES_ERROR;
				GCC_WARN_UNDECLARED_SELECTOR = YES;
				GCC_WARN_UNINITIALIZED_AUTOS = YES_AGGRESSIVE;
				GCC_WARN_UNUSED_FUNCTION = YES;
				GCC_WARN_UNUSED_VARIABLE = YES;
				IPHONEOS_DEPLOYMENT_TARGET = 13.2;
				MTL_ENABLE_DEBUG_INFO = NO;
				MTL_FAST_MATH = YES;
				SDKROOT = iphoneos;
				SWIFT_COMPILATION_MODE = wholemodule;
				SWIFT_OPTIMIZATION_LEVEL = "-O";
				VALIDATE_PRODUCT = YES;
			};
			name = Release;
		};
		CD55491923FE834200B902E9 /* Release */ = {
			isa = XCBuildConfiguration;
			buildSettings = {
				ASSETCATALOG_COMPILER_APPICON_NAME = AppIcon;
				CODE_SIGN_STYLE = Automatic;
				DEVELOPMENT_ASSET_PATHS = "\"itfood_del/Preview Content\"";
				DEVELOPMENT_TEAM = 7W2V4AA5XB;
				ENABLE_PREVIEWS = YES;
				INFOPLIST_FILE = itfood_del/Info.plist;
				LD_RUNPATH_SEARCH_PATHS = (
					"$(inherited)",
					"@executable_path/Frameworks",
				);
				PRODUCT_BUNDLE_IDENTIFIER = "tw.dp103g3.itfood-del";
				PRODUCT_NAME = "$(TARGET_NAME)";
				SWIFT_VERSION = 5.0;
				TARGETED_DEVICE_FAMILY = "1,2";
			};
			name = Release;
		};
/* End XCBuildConfiguration section */

/* Begin XCConfigurationList section */
		CD5548E823FE833F00B902E9 /* Build configuration list for PBXProject "itfood_del" */ = {
			isa = XCConfigurationList;
			buildConfigurations = (
				CD55491623FE834200B902E9 /* Release */,
			);
			defaultConfigurationIsVisible = 0;
			defaultConfigurationName = Release;
		};
		CD55491723FE834200B902E9 /* Build configuration list for PBXNativeTarget "itfood_del" */ = {
			isa = XCConfigurationList;
			buildConfigurations = (
				CD55491923FE834200B902E9 /* Release */,
			);
			defaultConfigurationIsVisible = 0;
			defaultConfigurationName = Release;
		};
/* End XCConfigurationList section */

/* Begin XCRemoteSwiftPackageReference section */
		BBDC454824161C8900C81B89 /* XCRemoteSwiftPackageReference "CodeScanner" */ = {
			isa = XCRemoteSwiftPackageReference;
			repositoryURL = "https://github.com/twostraws/CodeScanner";
			requirement = {
				kind = upToNextMajorVersion;
				minimumVersion = 1.0.3;
			};
		};
		CD555E6B240D22AA00EE4155 /* XCRemoteSwiftPackageReference "Charts" */ = {
			isa = XCRemoteSwiftPackageReference;
			repositoryURL = "https://github.com/danielgindi/Charts";
			requirement = {
				kind = upToNextMajorVersion;
				minimumVersion = 3.4.0;
			};
		};
/* End XCRemoteSwiftPackageReference section */

/* Begin XCSwiftPackageProductDependency section */
		BBDC454924161C8900C81B89 /* CodeScanner */ = {
			isa = XCSwiftPackageProductDependency;
			package = BBDC454824161C8900C81B89 /* XCRemoteSwiftPackageReference "CodeScanner" */;
			productName = CodeScanner;
		};
		CD555E6C240D22AA00EE4155 /* Charts */ = {
			isa = XCSwiftPackageProductDependency;
			package = CD555E6B240D22AA00EE4155 /* XCRemoteSwiftPackageReference "Charts" */;
			productName = Charts;
		};
/* End XCSwiftPackageProductDependency section */

/* Begin XCVersionGroup section */
		BB17E42A24066BB30071B620 /* itfood_del.xcdatamodeld */ = {
			isa = XCVersionGroup;
			children = (
				BB17E42B24066BB30071B620 /* itfood_del.xcdatamodel */,
			);
			currentVersion = BB17E42B24066BB30071B620 /* itfood_del.xcdatamodel */;
			path = itfood_del.xcdatamodeld;
			sourceTree = "<group>";
			versionGroupType = wrapper.xcdatamodel;
		};
/* End XCVersionGroup section */
	};
	rootObject = CD5548E523FE833F00B902E9 /* Project object */;
}
